github.com/gorilla/mux v1.8.1 h1:TuBL49tXwgrFYWhqrNgrUNEY92u81SPhu7sTdzQEiWY=
github.com/gorilla/mux v1.8.1/go.mod h1:AKf9I4AEqPTmMytcMc0KkNouC66V3BtZ4qD5fmWSiMQ=
github.com/mattn/go-sqlite3 v1.14.24 h1:tpSp2G2KyMnnQu99ngJ47EIkWVmliIizyZBfPrBWDRM=
github.com/mattn/go-sqlite3 v1.14.24/go.mod h1:Uh1q+B4BYcTPb+yiD3kU8Ct7aC0hY9fxUwlHK0RXw+Y=
golang.org/x/exp v0.0.0-20241215155358-4a5509556b9e h1:4qufH0hlUYs6AO6XmZC3GqfDPGSXHVXUFR6OND+iJX4=
golang.org/x/exp v0.0.0-20241215155358-4a5509556b9e/go.mod h1:qj5a5QZpwLU2NLQudwIN5koi3beDhSAlJwa67PuM98c=
